
Microsoft Visual Studio Solution File, Format Version 12.00
# Visual Studio Version 17
VisualStudioVersion = 17.8.34322.80
MinimumVisualStudioVersion = 10.0.40219.1
Project("{FAE04EC0-301F-11D3-BF4B-00C04F79EFBC}") = "Y2WK3-Essential", "Y2WK3-Essential\Y2WK3-Essential.csproj", "{D8CAD118-87C0-4A5E-9A8C-5CBBC7B9AF9F}"
EndProject
Global
	GlobalSection(SolutionConfigurationPlatforms) = preSolution
		Debug|Any CPU = Debug|Any CPU
		Release|Any CPU = Release|Any CPU
	EndGlobalSection
	GlobalSection(ProjectConfigurationPlatforms) = postSolution
		{D8CAD118-87C0-4A5E-9A8C-5CBBC7B9AF9F}.Debug|Any CPU.ActiveCfg = Debug|Any CPU
		{D8CAD118-87C0-4A5E-9A8C-5CBBC7B9AF9F}.Debug|Any CPU.Build.0 = Debug|Any CPU
		{D8CAD118-87C0-4A5E-9A8C-5CBBC7B9AF9F}.Release|Any CPU.ActiveCfg = Release|Any CPU
		{D8CAD118-87C0-4A5E-9A8C-5CBBC7B9AF9F}.Release|Any CPU.Build.0 = Release|Any CPU
	EndGlobalSection
	GlobalSection(SolutionProperties) = preSolution
		HideSolutionNode = FALSE
	EndGlobalSection
	GlobalSection(ExtensibilityGlobals) = postSolution
		SolutionGuid = {C6B82720-C032-45FE-9FA1-475E0D39B868}
	EndGlobalSection
EndGlobal
